
Microsoft Visual Studio Solution File, Format Version 12.00
# Visual Studio Version 17
VisualStudioVersion = 17.0.31903.59
MinimumVisualStudioVersion = 10.0.40219.1
Project("{2150E333-8FDC-42A3-9474-1A3956D46DE8}") = "Homework1", "Homework1", "{88B80C9A-076E-4CBE-AE97-BED94E388EDD}"
EndProject
Project("{FAE04EC0-301F-11D3-BF4B-00C04F79EFBC}") = "Homework1", "Homework1\Homework1\Homework1.csproj", "{CE29FF05-EDBF-4FB9-AE60-63EECDBF5907}"
EndProject
Global
	GlobalSection(SolutionConfigurationPlatforms) = preSolution
		Debug|Any CPU = Debug|Any CPU
		Release|Any CPU = Release|Any CPU
	EndGlobalSection
	GlobalSection(SolutionProperties) = preSolution
		HideSolutionNode = FALSE
	EndGlobalSection
	GlobalSection(ProjectConfigurationPlatforms) = postSolution
		{CE29FF05-EDBF-4FB9-AE60-63EECDBF5907}.Debug|Any CPU.ActiveCfg = Debug|Any CPU
		{CE29FF05-EDBF-4FB9-AE60-63EECDBF5907}.Debug|Any CPU.Build.0 = Debug|Any CPU
		{CE29FF05-EDBF-4FB9-AE60-63EECDBF5907}.Release|Any CPU.ActiveCfg = Release|Any CPU
		{CE29FF05-EDBF-4FB9-AE60-63EECDBF5907}.Release|Any CPU.Build.0 = Release|Any CPU
	EndGlobalSection
	GlobalSection(NestedProjects) = preSolution
		{CE29FF05-EDBF-4FB9-AE60-63EECDBF5907} = {88B80C9A-076E-4CBE-AE97-BED94E388EDD}
	EndGlobalSection
EndGlobal
