
Microsoft Visual Studio Solution File, Format Version 12.00
# Visual Studio Version 17
VisualStudioVersion = 17.11.35303.130
MinimumVisualStudioVersion = 10.0.40219.1
Project("{FAE04EC0-301F-11D3-BF4B-00C04F79EFBC}") = "Homework2", "Homework2\Homework2.csproj", "{D06DB3CB-9080-43A5-8FF6-3F6CFAC4EBCC}"
EndProject
Global
	GlobalSection(SolutionConfigurationPlatforms) = preSolution
		Debug|Any CPU = Debug|Any CPU
		Release|Any CPU = Release|Any CPU
	EndGlobalSection
	GlobalSection(ProjectConfigurationPlatforms) = postSolution
		{D06DB3CB-9080-43A5-8FF6-3F6CFAC4EBCC}.Debug|Any CPU.ActiveCfg = Debug|Any CPU
		{D06DB3CB-9080-43A5-8FF6-3F6CFAC4EBCC}.Debug|Any CPU.Build.0 = Debug|Any CPU
		{D06DB3CB-9080-43A5-8FF6-3F6CFAC4EBCC}.Release|Any CPU.ActiveCfg = Release|Any CPU
		{D06DB3CB-9080-43A5-8FF6-3F6CFAC4EBCC}.Release|Any CPU.Build.0 = Release|Any CPU
	EndGlobalSection
	GlobalSection(SolutionProperties) = preSolution
		HideSolutionNode = FALSE
	EndGlobalSection
	GlobalSection(ExtensibilityGlobals) = postSolution
		SolutionGuid = {83A08539-D1DC-497B-8EE1-473171C1E1FC}
	EndGlobalSection
EndGlobal
